
Microsoft Visual Studio Solution File, Format Version 12.00
# Visual Studio Version 16
VisualStudioVersion = 16.0.31005.135
MinimumVisualStudioVersion = 10.0.40219.1
Project("{9A19103F-16F7-4668-BE54-9A1E7A4F7556}") = "BudgetTracker", "BudgetTracker\BudgetTracker.csproj", "{BCD655FB-EA60-4B4E-BF47-89E8FD023278}"
EndProject
Project("{FAE04EC0-301F-11D3-BF4B-00C04F79EFBC}") = "BudgetTrackerTest", "BudgetTrackerTest\BudgetTrackerTest.csproj", "{0C640E48-D6B7-4962-B7A5-DE8D1C737168}"
EndProject
Global
	GlobalSection(SolutionConfigurationPlatforms) = preSolution
		Debug|Any CPU = Debug|Any CPU
		Release|Any CPU = Release|Any CPU
	EndGlobalSection
	GlobalSection(ProjectConfigurationPlatforms) = postSolution
		{BCD655FB-EA60-4B4E-BF47-89E8FD023278}.Debug|Any CPU.ActiveCfg = Debug|Any CPU
		{BCD655FB-EA60-4B4E-BF47-89E8FD023278}.Debug|Any CPU.Build.0 = Debug|Any CPU
		{BCD655FB-EA60-4B4E-BF47-89E8FD023278}.Release|Any CPU.ActiveCfg = Release|Any CPU
		{BCD655FB-EA60-4B4E-BF47-89E8FD023278}.Release|Any CPU.Build.0 = Release|Any CPU
		{0C640E48-D6B7-4962-B7A5-DE8D1C737168}.Debug|Any CPU.ActiveCfg = Debug|Any CPU
		{0C640E48-D6B7-4962-B7A5-DE8D1C737168}.Debug|Any CPU.Build.0 = Debug|Any CPU
		{0C640E48-D6B7-4962-B7A5-DE8D1C737168}.Release|Any CPU.ActiveCfg = Release|Any CPU
		{0C640E48-D6B7-4962-B7A5-DE8D1C737168}.Release|Any CPU.Build.0 = Release|Any CPU
	EndGlobalSection
	GlobalSection(SolutionProperties) = preSolution
		HideSolutionNode = FALSE
	EndGlobalSection
	GlobalSection(ExtensibilityGlobals) = postSolution
		SolutionGuid = {8B31CC23-5AD7-4860-A7C1-87D6F3F4A9CB}
	EndGlobalSection
EndGlobal
